
Microsoft Visual Studio Solution File, Format Version 12.00
# Visual Studio Version 17
VisualStudioVersion = 17.0.31903.59
MinimumVisualStudioVersion = 10.0.40219.1
Project("{FAE04EC0-301F-11D3-BF4B-00C04F79EFBC}") = "eatable", "src\eatable.csproj", "{B7F279CB-2CDF-4F3D-87E7-CD8BBADA5326}"
EndProject
Project("{FAE04EC0-301F-11D3-BF4B-00C04F79EFBC}") = "test", "test\test.csproj", "{0001FA76-28EA-44E1-85FF-3802CDF94E0E}"
EndProject
Global
	GlobalSection(SolutionConfigurationPlatforms) = preSolution
		Debug|Any CPU = Debug|Any CPU
		Release|Any CPU = Release|Any CPU
	EndGlobalSection
	GlobalSection(SolutionProperties) = preSolution
		HideSolutionNode = FALSE
	EndGlobalSection
	GlobalSection(ProjectConfigurationPlatforms) = postSolution
		{B7F279CB-2CDF-4F3D-87E7-CD8BBADA5326}.Debug|Any CPU.ActiveCfg = Debug|Any CPU
		{B7F279CB-2CDF-4F3D-87E7-CD8BBADA5326}.Debug|Any CPU.Build.0 = Debug|Any CPU
		{B7F279CB-2CDF-4F3D-87E7-CD8BBADA5326}.Release|Any CPU.ActiveCfg = Release|Any CPU
		{B7F279CB-2CDF-4F3D-87E7-CD8BBADA5326}.Release|Any CPU.Build.0 = Release|Any CPU
		{0001FA76-28EA-44E1-85FF-3802CDF94E0E}.Debug|Any CPU.ActiveCfg = Debug|Any CPU
		{0001FA76-28EA-44E1-85FF-3802CDF94E0E}.Debug|Any CPU.Build.0 = Debug|Any CPU
		{0001FA76-28EA-44E1-85FF-3802CDF94E0E}.Release|Any CPU.ActiveCfg = Release|Any CPU
		{0001FA76-28EA-44E1-85FF-3802CDF94E0E}.Release|Any CPU.Build.0 = Release|Any CPU
	EndGlobalSection
EndGlobal
